
Microsoft Visual Studio Solution File, Format Version 12.00
# Visual Studio 15
VisualStudioVersion = 15.0.26228.4
MinimumVisualStudioVersion = 10.0.40219.1
Project("{E24C65DC-7377-472B-9ABA-BC803B73C61A}") = "ISFramework.UI", "ISFramework.UI\", "{425BAFAB-49C8-4F5A-9BFD-EE890C00988D}"
	ProjectSection(WebsiteProperties) = preProject
		TargetFrameworkMoniker = ".NETFramework,Version%3Dv4.5.2"
		Debug.AspNetCompiler.VirtualPath = "/localhost_58467"
		Debug.AspNetCompiler.PhysicalPath = "ISFramework.UI\"
		Debug.AspNetCompiler.TargetPath = "PrecompiledWeb\localhost_58467\"
		Debug.AspNetCompiler.Updateable = "true"
		Debug.AspNetCompiler.ForceOverwrite = "true"
		Debug.AspNetCompiler.FixedNames = "false"
		Debug.AspNetCompiler.Debug = "True"
		Release.AspNetCompiler.VirtualPath = "/localhost_58467"
		Release.AspNetCompiler.PhysicalPath = "ISFramework.UI\"
		Release.AspNetCompiler.TargetPath = "PrecompiledWeb\localhost_58467\"
		Release.AspNetCompiler.Updateable = "true"
		Release.AspNetCompiler.ForceOverwrite = "true"
		Release.AspNetCompiler.FixedNames = "false"
		Release.AspNetCompiler.Debug = "False"
		VWDPort = "58467"
	EndProjectSection
EndProject
Global
	GlobalSection(SolutionConfigurationPlatforms) = preSolution
		Debug|Any CPU = Debug|Any CPU
	EndGlobalSection
	GlobalSection(ProjectConfigurationPlatforms) = postSolution
		{425BAFAB-49C8-4F5A-9BFD-EE890C00988D}.Debug|Any CPU.ActiveCfg = Debug|Any CPU
		{425BAFAB-49C8-4F5A-9BFD-EE890C00988D}.Debug|Any CPU.Build.0 = Debug|Any CPU
	EndGlobalSection
	GlobalSection(SolutionProperties) = preSolution
		HideSolutionNode = FALSE
	EndGlobalSection
EndGlobal
